Microsoft Visual Studio Solution File, Format Version 12.00
# Visual Studio Version 17
VisualStudioVersion = 17.5.2.0
MinimumVisualStudioVersion = 10.0.40219.1
Project("{FAE04EC0-301F-11D3-BF4B-00C04F79EFBC}") = "OPTConfigurator", "OPTConfigurator.csproj", "{CAC88F61-1374-2B32-E756-5C66A80A0CF8}"
EndProject
Global
	GlobalSection(SolutionConfigurationPlatforms) = preSolution
		Debug|Any CPU = Debug|Any CPU
		Release|Any CPU = Release|Any CPU
	EndGlobalSection
	GlobalSection(ProjectConfigurationPlatforms) = postSolution
		{CAC88F61-1374-2B32-E756-5C66A80A0CF8}.Debug|Any CPU.ActiveCfg = Debug|Any CPU
		{CAC88F61-1374-2B32-E756-5C66A80A0CF8}.Debug|Any CPU.Build.0 = Debug|Any CPU
		{CAC88F61-1374-2B32-E756-5C66A80A0CF8}.Release|Any CPU.ActiveCfg = Release|Any CPU
		{CAC88F61-1374-2B32-E756-5C66A80A0CF8}.Release|Any CPU.Build.0 = Release|Any CPU
	EndGlobalSection
	GlobalSection(SolutionProperties) = preSolution
		HideSolutionNode = FALSE
	EndGlobalSection
	GlobalSection(ExtensibilityGlobals) = postSolution
		SolutionGuid = {0D2BBCDA-B32D-4F79-998C-374E9FB16D36}
	EndGlobalSection
EndGlobal
